// !$*UTF8*$!
{
	archiveVersion = 1;
	classes = {
	};
	objectVersion = 51;
	objects = {

/* Begin PBXBuildFile section */
		1605793584F19053755CBC45 /* Pods_demo_realm.framework in Frameworks */ = {isa = PBXBuildFile; fileRef = 19BD12BB6DE276431AF570DE /* Pods_demo_realm.framework */; };
		25CD1E702427A80A00097699 /* AppDelegate.swift in Sources */ = {isa = PBXBuildFile; fileRef = 25CD1E6F2427A80A00097699 /* AppDelegate.swift */; };
		25CD1E722427A80A00097699 /* SceneDelegate.swift in Sources */ = {isa = PBXBuildFile; fileRef = 25CD1E712427A80A00097699 /* SceneDelegate.swift */; };
		25CD1E772427A80A00097699 /* Main.storyboard in Resources */ = {isa = PBXBuildFile; fileRef = 25CD1E752427A80A00097699 /* Main.storyboard */; };
		25CD1E792427A80D00097699 /* Assets.xcassets in Resources */ = {isa = PBXBuildFile; fileRef = 25CD1E782427A80D00097699 /* Assets.xcassets */; };
		25CD1E7C2427A80D00097699 /* LaunchScreen.storyboard in Resources */ = {isa = PBXBuildFile; fileRef = 25CD1E7A2427A80D00097699 /* LaunchScreen.storyboard */; };
		25CD1E852427AC7100097699 /* ToDoListViewController.swift in Sources */ = {isa = PBXBuildFile; fileRef = 25CD1E842427AC7100097699 /* ToDoListViewController.swift */; };
		25CD1E872427AC8B00097699 /* DetailToDoViewController.swift in Sources */ = {isa = PBXBuildFile; fileRef = 25CD1E862427AC8B00097699 /* DetailToDoViewController.swift */; };
		25CD1E8C2427ACBD00097699 /* ToDoListTableViewCell.xib in Resources */ = {isa = PBXBuildFile; fileRef = 25CD1E8A2427ACBD00097699 /* ToDoListTableViewCell.xib */; };
		25CD1E8D2427ACBD00097699 /* ToDoListTableViewCell.swift in Sources */ = {isa = PBXBuildFile; fileRef = 25CD1E8B2427ACBD00097699 /* ToDoListTableViewCell.swift */; };
		25CD1E902427AD0200097699 /* TodoItem.swift in Sources */ = {isa = PBXBuildFile; fileRef = 25CD1E8F2427AD0200097699 /* TodoItem.swift */; };
		25CD1E922427B1F200097699 /* RealmManager.swift in Sources */ = {isa = PBXBuildFile; fileRef = 25CD1E912427B1F200097699 /* RealmManager.swift */; };
/* End PBXBuildFile section */

/* Begin PBXFileReference section */
		19BD12BB6DE276431AF570DE /* Pods_demo_realm.framework */ = {isa = PBXFileReference; explicitFileType = wrapper.framework; includeInIndex = 0; path = Pods_demo_realm.framework; sourceTree = BUILT_PRODUCTS_DIR; };
		25CD1E6C2427A80A00097699 /* demo_realm.app */ = {isa = PBXFileReference; explicitFileType = wrapper.application; includeInIndex = 0; path = demo_realm.app; sourceTree = BUILT_PRODUCTS_DIR; };
		25CD1E6F2427A80A00097699 /* AppDelegate.swift */ = {isa = PBXFileReference; lastKnownFileType = sourcecode.swift; path = AppDelegate.swift; sourceTree = "<group>"; };
		25CD1E712427A80A00097699 /* SceneDelegate.swift */ = {isa = PBXFileReference; lastKnownFileType = sourcecode.swift; path = SceneDelegate.swift; sourceTree = "<group>"; };
		25CD1E762427A80A00097699 /* Base */ = {isa = PBXFileReference; lastKnownFileType = file.storyboard; name = Base; path = Base.lproj/Main.storyboard; sourceTree = "<group>"; };
		25CD1E782427A80D00097699 /* Assets.xcassets */ = {isa = PBXFileReference; lastKnownFileType = folder.assetcatalog; path = Assets.xcassets; sourceTree = "<group>"; };
		25CD1E7B2427A80D00097699 /* Base */ = {isa = PBXFileReference; lastKnownFileType = file.storyboard; name = Base; path = Base.lproj/LaunchScreen.storyboard; sourceTree = "<group>"; };
		25CD1E7D2427A80D00097699 /* Info.plist */ = {isa = PBXFileReference; lastKnownFileType = text.plist.xml; path = Info.plist; sourceTree = "<group>"; };
		25CD1E842427AC7100097699 /* ToDoListViewController.swift */ = {isa = PBXFileReference; lastKnownFileType = sourcecode.swift; path = ToDoListViewController.swift; sourceTree = "<group>"; };
		25CD1E862427AC8B00097699 /* DetailToDoViewController.swift */ = {isa = PBXFileReference; lastKnownFileType = sourcecode.swift; path = DetailToDoViewController.swift; sourceTree = "<group>"; };
		25CD1E8A2427ACBD00097699 /* ToDoListTableViewCell.xib */ = {isa = PBXFileReference; lastKnownFileType = file.xib; path = ToDoListTableViewCell.xib; sourceTree = "<group>"; };
		25CD1E8B2427ACBD00097699 /* ToDoListTableViewCell.swift */ = {isa = PBXFileReference; lastKnownFileType = sourcecode.swift; path = ToDoListTableViewCell.swift; sourceTree = "<group>"; };
		25CD1E8F2427AD0200097699 /* TodoItem.swift */ = {isa = PBXFileReference; lastKnownFileType = sourcecode.swift; path = TodoItem.swift; sourceTree = "<group>"; };
		25CD1E912427B1F200097699 /* RealmManager.swift */ = {isa = PBXFileReference; lastKnownFileType = sourcecode.swift; path = RealmManager.swift; sourceTree = "<group>"; };
		E067E2388ECF8A258FFBAA4D /* Pods-demo_realm.debug.xcconfig */ = {isa = PBXFileReference; includeInIndex = 1; lastKnownFileType = text.xcconfig; name = "Pods-demo_realm.debug.xcconfig"; path = "Target Support Files/Pods-demo_realm/Pods-demo_realm.debug.xcconfig"; sourceTree = "<group>"; };
		FC31F4EDD982CBB1C11B977A /* Pods-demo_realm.release.xcconfig */ = {isa = PBXFileReference; includeInIndex = 1; lastKnownFileType = text.xcconfig; name = "Pods-demo_realm.release.xcconfig"; path = "Target Support Files/Pods-demo_realm/Pods-demo_realm.release.xcconfig"; sourceTree = "<group>"; };
/* End PBXFileReference section */

/* Begin PBXFrameworksBuildPhase section */
		25CD1E692427A80A00097699 /* Frameworks */ = {
			isa = PBXFrameworksBuildPhase;
			buildActionMask = 2147483647;
			files = (
				1605793584F19053755CBC45 /* Pods_demo_realm.framework in Frameworks */,
			);
			runOnlyForDeploymentPostprocessing = 0;
		};
/* End PBXFrameworksBuildPhase section */

/* Begin PBXGroup section */
		25CD1E632427A80A00097699 = {
			isa = PBXGroup;
			children = (
				25CD1E6E2427A80A00097699 /* demo_realm */,
				25CD1E6D2427A80A00097699 /* Products */,
				E45A472D40BF6CBBBDDA2265 /* Pods */,
				BE5C74EA27C425C0C7325DFB /* Frameworks */,
			);
			sourceTree = "<group>";
		};
		25CD1E6D2427A80A00097699 /* Products */ = {
			isa = PBXGroup;
			children = (
				25CD1E6C2427A80A00097699 /* demo_realm.app */,
			);
			name = Products;
			sourceTree = "<group>";
		};
		25CD1E6E2427A80A00097699 /* demo_realm */ = {
			isa = PBXGroup;
			children = (
				25CD1E8E2427ACE900097699 /* model */,
				25CD1E892427AC9900097699 /* cell */,
				25CD1E832427AC4F00097699 /* Controller */,
				25CD1E6F2427A80A00097699 /* AppDelegate.swift */,
				25CD1E712427A80A00097699 /* SceneDelegate.swift */,
				25CD1E752427A80A00097699 /* Main.storyboard */,
				25CD1E782427A80D00097699 /* Assets.xcassets */,
				25CD1E7A2427A80D00097699 /* LaunchScreen.storyboard */,
				25CD1E7D2427A80D00097699 /* Info.plist */,
			);
			path = demo_realm;
			sourceTree = "<group>";
		};
		25CD1E832427AC4F00097699 /* Controller */ = {
			isa = PBXGroup;
			children = (
				25CD1E842427AC7100097699 /* ToDoListViewController.swift */,
				25CD1E862427AC8B00097699 /* DetailToDoViewController.swift */,
			);
			path = Controller;
			sourceTree = "<group>";
		};
		25CD1E892427AC9900097699 /* cell */ = {
			isa = PBXGroup;
			children = (
				25CD1E8A2427ACBD00097699 /* ToDoListTableViewCell.xib */,
				25CD1E8B2427ACBD00097699 /* ToDoListTableViewCell.swift */,
			);
			path = cell;
			sourceTree = "<group>";
		};
		25CD1E8E2427ACE900097699 /* model */ = {
			isa = PBXGroup;
			children = (
				25CD1E8F2427AD0200097699 /* TodoItem.swift */,
				25CD1E912427B1F200097699 /* RealmManager.swift */,
			);
			path = model;
			sourceTree = "<group>";
		};
		BE5C74EA27C425C0C7325DFB /* Frameworks */ = {
			isa = PBXGroup;
			children = (
				19BD12BB6DE276431AF570DE /* Pods_demo_realm.framework */,
			);
			name = Frameworks;
			sourceTree = "<group>";
		};
		E45A472D40BF6CBBBDDA2265 /* Pods */ = {
			isa = PBXGroup;
			children = (
				E067E2388ECF8A258FFBAA4D /* Pods-demo_realm.debug.xcconfig */,
				FC31F4EDD982CBB1C11B977A /* Pods-demo_realm.release.xcconfig */,
			);
			path = Pods;
			sourceTree = "<group>";
		};
/* End PBXGroup section */

/* Begin PBXNativeTarget section */
		25CD1E6B2427A80A00097699 /* demo_realm */ = {
			isa = PBXNativeTarget;
			buildConfigurationList = 25CD1E802427A80D00097699 /* Build configuration list for PBXNativeTarget "demo_realm" */;
			buildPhases = (
				B828D1F22EAC84A5D67E1011 /* [CP] Check Pods Manifest.lock */,
				25CD1E682427A80A00097699 /* Sources */,
				25CD1E692427A80A00097699 /* Frameworks */,
				25CD1E6A2427A80A00097699 /* Resources */,
				511C25E4B8DA3CFFAB9EC37A /* [CP] Embed Pods Frameworks */,
			);
			buildRules = (
			);
			dependencies = (
			);
			name = demo_realm;
			productName = demo_realm;
			productReference = 25CD1E6C2427A80A00097699 /* demo_realm.app */;
			productType = "com.apple.product-type.application";
		};
/* End PBXNativeTarget section */

/* Begin PBXProject section */
		25CD1E642427A80A00097699 /* Project object */ = {
			isa = PBXProject;
			attributes = {
				LastSwiftUpdateCheck = 1130;
				LastUpgradeCheck = 1130;
				ORGANIZATIONNAME = Tran_Tien_Anh;
				TargetAttributes = {
					25CD1E6B2427A80A00097699 = {
						CreatedOnToolsVersion = 11.3.1;
					};
				};
			};
			buildConfigurationList = 25CD1E672427A80A00097699 /* Build configuration list for PBXProject "demo_realm" */;
			compatibilityVersion = "Xcode 9.3";
			developmentRegion = en;
			hasScannedForEncodings = 0;
			knownRegions = (
				en,
				Base,
			);
			mainGroup = 25CD1E632427A80A00097699;
			productRefGroup = 25CD1E6D2427A80A00097699 /* Products */;
			projectDirPath = "";
			projectRoot = "";
			targets = (
				25CD1E6B2427A80A00097699 /* demo_realm */,
			);
		};
/* End PBXProject section */

/* Begin PBXResourcesBuildPhase section */
		25CD1E6A2427A80A00097699 /* Resources */ = {
			isa = PBXResourcesBuildPhase;
			buildActionMask = 2147483647;
			files = (
				25CD1E7C2427A80D00097699 /* LaunchScreen.storyboard in Resources */,
				25CD1E792427A80D00097699 /* Assets.xcassets in Resources */,
				25CD1E772427A80A00097699 /* Main.storyboard in Resources */,
				25CD1E8C2427ACBD00097699 /* ToDoListTableViewCell.xib in Resources */,
			);
			runOnlyForDeploymentPostprocessing = 0;
		};
/* End PBXResourcesBuildPhase section */

/* Begin PBXShellScriptBuildPhase section */
		511C25E4B8DA3CFFAB9EC37A /* [CP] Embed Pods Frameworks */ = {
			isa = PBXShellScriptBuildPhase;
			buildActionMask = 2147483647;
			files = (
			);
			inputFileListPaths = (
				"${PODS_ROOT}/Target Support Files/Pods-demo_realm/Pods-demo_realm-frameworks-${CONFIGURATION}-input-files.xcfilelist",
			);
			name = "[CP] Embed Pods Frameworks";
			outputFileListPaths = (
				"${PODS_ROOT}/Target Support Files/Pods-demo_realm/Pods-demo_realm-frameworks-${CONFIGURATION}-output-files.xcfilelist",
			);
			runOnlyForDeploymentPostprocessing = 0;
			shellPath = /bin/sh;
			shellScript = "\"${PODS_ROOT}/Target Support Files/Pods-demo_realm/Pods-demo_realm-frameworks.sh\"\n";
			showEnvVarsInLog = 0;
		};
		B828D1F22EAC84A5D67E1011 /* [CP] Check Pods Manifest.lock */ = {
			isa = PBXShellScriptBuildPhase;
			buildActionMask = 2147483647;
			files = (
			);
			inputFileListPaths = (
			);
			inputPaths = (
				"${PODS_PODFILE_DIR_PATH}/Podfile.lock",
				"${PODS_ROOT}/Manifest.lock",
			);
			name = "[CP] Check Pods Manifest.lock";
			outputFileListPaths = (
			);
			outputPaths = (
				"$(DERIVED_FILE_DIR)/Pods-demo_realm-checkManifestLockResult.txt",
			);
			runOnlyForDeploymentPostprocessing = 0;
			shellPath = /bin/sh;
			shellScript = "diff \"${PODS_PODFILE_DIR_PATH}/Podfile.lock\" \"${PODS_ROOT}/Manifest.lock\" > /dev/null\nif [ $? != 0 ] ; then\n    # print error to STDERR\n    echo \"error: The sandbox is not in sync with the Podfile.lock. Run 'pod install' or update your CocoaPods installation.\" >&2\n    exit 1\nfi\n# This output is used by Xcode 'outputs' to avoid re-running this script phase.\necho \"SUCCESS\" > \"${SCRIPT_OUTPUT_FILE_0}\"\n";
			showEnvVarsInLog = 0;
		};
/* End PBXShellScriptBuildPhase section */

/* Begin PBXSourcesBuildPhase section */
		25CD1E682427A80A00097699 /* Sources */ = {
			isa = PBXSourcesBuildPhase;
			buildActionMask = 2147483647;
			files = (
				25CD1E702427A80A00097699 /* AppDelegate.swift in Sources */,
				25CD1E872427AC8B00097699 /* DetailToDoViewController.swift in Sources */,
				25CD1E8D2427ACBD00097699 /* ToDoListTableViewCell.swift in Sources */,
				25CD1E852427AC7100097699 /* ToDoListViewController.swift in Sources */,
				25CD1E902427AD0200097699 /* TodoItem.swift in Sources */,
				25CD1E922427B1F200097699 /* RealmManager.swift in Sources */,
				25CD1E722427A80A00097699 /* SceneDelegate.swift in Sources */,
			);
			runOnlyForDeploymentPostprocessing = 0;
		};
/* End PBXSourcesBuildPhase section */

/* Begin PBXVariantGroup section */
		25CD1E752427A80A00097699 /* Main.storyboard */ = {
			isa = PBXVariantGroup;
			children = (
				25CD1E762427A80A00097699 /* Base */,
			);
			name = Main.storyboard;
			sourceTree = "<group>";
		};
		25CD1E7A2427A80D00097699 /* LaunchScreen.storyboard */ = {
			isa = PBXVariantGroup;
			children = (
				25CD1E7B2427A80D00097699 /* Base */,
			);
			name = LaunchScreen.storyboard;
			sourceTree = "<group>";
		};
/* End PBXVariantGroup section */

/* Begin XCBuildConfiguration section */
		25CD1E7E2427A80D00097699 /* Debug */ = {
			isa = XCBuildConfiguration;
			buildSettings = {
				ALWAYS_SEARCH_USER_PATHS = NO;
				CLANG_ANALYZER_NONNULL = YES;
				CLANG_ANALYZER_NUMBER_OBJECT_CONVERSION = YES_AGGRESSIVE;
				CLANG_CXX_LANGUAGE_STANDARD = "gnu++14";
				CLANG_CXX_LIBRARY = "libc++";
				CLANG_ENABLE_MODULES = YES;
				CLANG_ENABLE_OBJC_ARC = YES;
				CLANG_ENABLE_OBJC_WEAK = YES;
				CLANG_WARN_BLOCK_CAPTURE_AUTORELEASING = YES;
				CLANG_WARN_BOOL_CONVERSION = YES;
				CLANG_WARN_COMMA = YES;
				CLANG_WARN_CONSTANT_CONVERSION = YES;
				CLANG_WARN_DEPRECATED_OBJC_IMPLEMENTATIONS = YES;
				CLANG_WARN_DIRECT_OBJC_ISA_USAGE = YES_ERROR;
				CLANG_WARN_DOCUMENTATION_COMMENTS = YES;
				CLANG_WARN_EMPTY_BODY = YES;
				CLANG_WARN_ENUM_CONVERSION = YES;
				CLANG_WARN_INFINITE_RECURSION = YES;
				CLANG_WARN_INT_CONVERSION = YES;
				CLANG_WARN_NON_LITERAL_NULL_CONVERSION = YES;
				CLANG_WARN_OBJC_IMPLICIT_RETAIN_SELF = YES;
				CLANG_WARN_OBJC_LITERAL_CONVERSION = YES;
				CLANG_WARN_OBJC_ROOT_CLASS = YES_ERROR;
				CLANG_WARN_RANGE_LOOP_ANALYSIS = YES;
				CLANG_WARN_STRICT_PROTOTYPES = YES;
				CLANG_WARN_SUSPICIOUS_MOVE = YES;
				CLANG_WARN_UNGUARDED_AVAILABILITY = YES_AGGRESSIVE;
				CLANG_WARN_UNREACHABLE_CODE = YES;
				CLANG_WARN__DUPLICATE_METHOD_MATCH = YES;
				COPY_PHASE_STRIP = NO;
				DEBUG_INFORMATION_FORMAT = dwarf;
				ENABLE_STRICT_OBJC_MSGSEND = YES;
				ENABLE_TESTABILITY = YES;
				GCC_C_LANGUAGE_STANDARD = gnu11;
				GCC_DYNAMIC_NO_PIC = NO;
				GCC_NO_COMMON_BLOCKS = YES;
				GCC_OPTIMIZATION_LEVEL = 0;
				GCC_PREPROCESSOR_DEFINITIONS = (
					"DEBUG=1",
					"$(inherited)",
				);
				GCC_WARN_64_TO_32_BIT_CONVERSION = YES;
				GCC_WARN_ABOUT_RETURN_TYPE = YES_ERROR;
				GCC_WARN_UNDECLARED_SELECTOR = YES;
				GCC_WARN_UNINITIALIZED_AUTOS = YES_AGGRESSIVE;
				GCC_WARN_UNUSED_FUNCTION = YES;
				GCC_WARN_UNUSED_VARIABLE = YES;
				IPHONEOS_DEPLOYMENT_TARGET = 13.2;
				MTL_ENABLE_DEBUG_INFO = INCLUDE_SOURCE;
				MTL_FAST_MATH = YES;
				ONLY_ACTIVE_ARCH = YES;
				SDKROOT = iphoneos;
				SWIFT_ACTIVE_COMPILATION_CONDITIONS = DEBUG;
				SWIFT_OPTIMIZATION_LEVEL = "-Onone";
			};
			name = Debug;
		};
		25CD1E7F2427A80D00097699 /* Release */ = {
			isa = XCBuildConfiguration;
			buildSettings = {
				ALWAYS_SEARCH_USER_PATHS = NO;
				CLANG_ANALYZER_NONNULL = YES;
				CLANG_ANALYZER_NUMBER_OBJECT_CONVERSION = YES_AGGRESSIVE;
				CLANG_CXX_LANGUAGE_STANDARD = "gnu++14";
				CLANG_CXX_LIBRARY = "libc++";
				CLANG_ENABLE_MODULES = YES;
				CLANG_ENABLE_OBJC_ARC = YES;
				CLANG_ENABLE_OBJC_WEAK = YES;
				CLANG_WARN_BLOCK_CAPTURE_AUTORELEASING = YES;
				CLANG_WARN_BOOL_CONVERSION = YES;
				CLANG_WARN_COMMA = YES;
				CLANG_WARN_CONSTANT_CONVERSION = YES;
				CLANG_WARN_DEPRECATED_OBJC_IMPLEMENTATIONS = YES;
				CLANG_WARN_DIRECT_OBJC_ISA_USAGE = YES_ERROR;
				CLANG_WARN_DOCUMENTATION_COMMENTS = YES;
				CLANG_WARN_EMPTY_BODY = YES;
				CLANG_WARN_ENUM_CONVERSION = YES;
				CLANG_WARN_INFINITE_RECURSION = YES;
				CLANG_WARN_INT_CONVERSION = YES;
				CLANG_WARN_NON_LITERAL_NULL_CONVERSION = YES;
				CLANG_WARN_OBJC_IMPLICIT_RETAIN_SELF = YES;
				CLANG_WARN_OBJC_LITERAL_CONVERSION = YES;
				CLANG_WARN_OBJC_ROOT_CLASS = YES_ERROR;
				CLANG_WARN_RANGE_LOOP_ANALYSIS = YES;
				CLANG_WARN_STRICT_PROTOTYPES = YES;
				CLANG_WARN_SUSPICIOUS_MOVE = YES;
				CLANG_WARN_UNGUARDED_AVAILABILITY = YES_AGGRESSIVE;
				CLANG_WARN_UNREACHABLE_CODE = YES;
				CLANG_WARN__DUPLICATE_METHOD_MATCH = YES;
				COPY_PHASE_STRIP = NO;
				DEBUG_INFORMATION_FORMAT = "dwarf-with-dsym";
				ENABLE_NS_ASSERTIONS = NO;
				ENABLE_STRICT_OBJC_MSGSEND = YES;
				GCC_C_LANGUAGE_STANDARD = gnu11;
				GCC_NO_COMMON_BLOCKS = YES;
				GCC_WARN_64_TO_32_BIT_CONVERSION = YES;
				GCC_WARN_ABOUT_RETURN_TYPE = YES_ERROR;
				GCC_WARN_UNDECLARED_SELECTOR = YES;
				GCC_WARN_UNINITIALIZED_AUTOS = YES_AGGRESSIVE;
				GCC_WARN_UNUSED_FUNCTION = YES;
				GCC_WARN_UNUSED_VARIABLE = YES;
				IPHONEOS_DEPLOYMENT_TARGET = 13.2;
				MTL_ENABLE_DEBUG_INFO = NO;
				MTL_FAST_MATH = YES;
				SDKROOT = iphoneos;
				SWIFT_COMPILATION_MODE = wholemodule;
				SWIFT_OPTIMIZATION_LEVEL = "-O";
				VALIDATE_PRODUCT = YES;
			};
			name = Release;
		};
		25CD1E812427A80D00097699 /* Debug */ = {
			isa = XCBuildConfiguration;
			baseConfigurationReference = E067E2388ECF8A258FFBAA4D /* Pods-demo_realm.debug.xcconfig */;
			buildSettings = {
				ASSETCATALOG_COMPILER_APPICON_NAME = AppIcon;
				CODE_SIGN_STYLE = Automatic;
				DEVELOPMENT_TEAM = 5NBUV2UMN5;
				INFOPLIST_FILE = demo_realm/Info.plist;
				IPHONEOS_DEPLOYMENT_TARGET = 13.0;
				LD_RUNPATH_SEARCH_PATHS = (
					"$(inherited)",
					"@executable_path/Frameworks",
				);
				PRODUCT_BUNDLE_IDENTIFIER = "Tran-Tien-Anh.demo-realm";
				PRODUCT_NAME = "$(TARGET_NAME)";
				SWIFT_VERSION = 5.0;
				TARGETED_DEVICE_FAMILY = "1,2";
			};
			name = Debug;
		};
		25CD1E822427A80D00097699 /* Release */ = {
			isa = XCBuildConfiguration;
			baseConfigurationReference = FC31F4EDD982CBB1C11B977A /* Pods-demo_realm.release.xcconfig */;
			buildSettings = {
				ASSETCATALOG_COMPILER_APPICON_NAME = AppIcon;
				CODE_SIGN_STYLE = Automatic;
				DEVELOPMENT_TEAM = 5NBUV2UMN5;
				INFOPLIST_FILE = demo_realm/Info.plist;
				IPHONEOS_DEPLOYMENT_TARGET = 13.0;
				LD_RUNPATH_SEARCH_PATHS = (
					"$(inherited)",
					"@executable_path/Frameworks",
				);
				PRODUCT_BUNDLE_IDENTIFIER = "Tran-Tien-Anh.demo-realm";
				PRODUCT_NAME = "$(TARGET_NAME)";
				SWIFT_VERSION = 5.0;
				TARGETED_DEVICE_FAMILY = "1,2";
			};
			name = Release;
		};
/* End XCBuildConfiguration section */

/* Begin XCConfigurationList section */
		25CD1E672427A80A00097699 /* Build configuration list for PBXProject "demo_realm" */ = {
			isa = XCConfigurationList;
			buildConfigurations = (
				25CD1E7E2427A80D00097699 /* Debug */,
				25CD1E7F2427A80D00097699 /* Release */,
			);
			defaultConfigurationIsVisible = 0;
			defaultConfigurationName = Release;
		};
		25CD1E802427A80D00097699 /* Build configuration list for PBXNativeTarget "demo_realm" */ = {
			isa = XCConfigurationList;
			buildConfigurations = (
				25CD1E812427A80D00097699 /* Debug */,
				25CD1E822427A80D00097699 /* Release */,
			);
			defaultConfigurationIsVisible = 0;
			defaultConfigurationName = Release;
		};
/* End XCConfigurationList section */
	};
	rootObject = 25CD1E642427A80A00097699 /* Project object */;
}
